// !$*UTF8*$!
{
	archiveVersion = 1;
	classes = {
	};
	objectVersion = 46;
	objects = {

/* Begin PBXBuildFile section */
		42CAF5A31AA373AE00BCE674 /* AppDelegate.swift in Sources */ = {isa = PBXBuildFile; fileRef = 42CAF5A21AA373AE00BCE674 /* AppDelegate.swift */; };
		42CAF5A51AA373AE00BCE674 /* ViewController.swift in Sources */ = {isa = PBXBuildFile; fileRef = 42CAF5A41AA373AE00BCE674 /* ViewController.swift */; };
		42CAF5A81AA373AE00BCE674 /* Main.storyboard in Resources */ = {isa = PBXBuildFile; fileRef = 42CAF5A61AA373AE00BCE674 /* Main.storyboard */; };
		42CAF5AA1AA373AE00BCE674 /* Images.xcassets in Resources */ = {isa = PBXBuildFile; fileRef = 42CAF5A91AA373AE00BCE674 /* Images.xcassets */; };
		42CAF5AD1AA373AE00BCE674 /* LaunchScreen.xib in Resources */ = {isa = PBXBuildFile; fileRef = 42CAF5AB1AA373AE00BCE674 /* LaunchScreen.xib */; };
		42CAF5B91AA373AE00BCE674 /* timestableTests.swift in Sources */ = {isa = PBXBuildFile; fileRef = 42CAF5B81AA373AE00BCE674 /* timestableTests.swift */; };
/* End PBXBuildFile section */

/* Begin PBXContainerItemProxy section */
		42CAF5B31AA373AE00BCE674 /* PBXContainerItemProxy */ = {
			isa = PBXContainerItemProxy;
			containerPortal = 42CAF5951AA373AE00BCE674 /* Project object */;
			proxyType = 1;
			remoteGlobalIDString = 42CAF59C1AA373AE00BCE674;
			remoteInfo = timestable;
		};
/* End PBXContainerItemProxy section */

/* Begin PBXFileReference section */
		42CAF59D1AA373AE00BCE674 /* timestable.app */ = {isa = PBXFileReference; explicitFileType = wrapper.application; includeInIndex = 0; path = timestable.app; sourceTree = BUILT_PRODUCTS_DIR; };
		42CAF5A11AA373AE00BCE674 /* Info.plist */ = {isa = PBXFileReference; lastKnownFileType = text.plist.xml; path = Info.plist; sourceTree = "<group>"; };
		42CAF5A21AA373AE00BCE674 /* AppDelegate.swift */ = {isa = PBXFileReference; lastKnownFileType = sourcecode.swift; path = AppDelegate.swift; sourceTree = "<group>"; };
		42CAF5A41AA373AE00BCE674 /* ViewController.swift */ = {isa = PBXFileReference; lastKnownFileType = sourcecode.swift; path = ViewController.swift; sourceTree = "<group>"; };
		42CAF5A71AA373AE00BCE674 /* Base */ = {isa = PBXFileReference; lastKnownFileType = file.storyboard; name = Base; path = Base.lproj/Main.storyboard; sourceTree = "<group>"; };
		42CAF5A91AA373AE00BCE674 /* Images.xcassets */ = {isa = PBXFileReference; lastKnownFileType = folder.assetcatalog; path = Images.xcassets; sourceTree = "<group>"; };
		42CAF5AC1AA373AE00BCE674 /* Base */ = {isa = PBXFileReference; lastKnownFileType = file.xib; name = Base; path = Base.lproj/LaunchScreen.xib; sourceTree = "<group>"; };
		42CAF5B21AA373AE00BCE674 /* timestableTests.xctest */ = {isa = PBXFileReference; explicitFileType = wrapper.cfbundle; includeInIndex = 0; path = timestableTests.xctest; sourceTree = BUILT_PRODUCTS_DIR; };
		42CAF5B71AA373AE00BCE674 /* Info.plist */ = {isa = PBXFileReference; lastKnownFileType = text.plist.xml; path = Info.plist; sourceTree = "<group>"; };
		42CAF5B81AA373AE00BCE674 /* timestableTests.swift */ = {isa = PBXFileReference; lastKnownFileType = sourcecode.swift; path = timestableTests.swift; sourceTree = "<group>"; };
/* End PBXFileReference section */

/* Begin PBXFrameworksBuildPhase section */
		42CAF59A1AA373AE00BCE674 /* Frameworks */ = {
			isa = PBXFrameworksBuildPhase;
			buildActionMask = 2147483647;
			files = (
			);
			runOnlyForDeploymentPostprocessing = 0;
		};
		42CAF5AF1AA373AE00BCE674 /* Frameworks */ = {
			isa = PBXFrameworksBuildPhase;
			buildActionMask = 2147483647;
			files = (
			);
			runOnlyForDeploymentPostprocessing = 0;
		};
/* End PBXFrameworksBuildPhase section */

/* Begin PBXGroup section */
		42CAF5941AA373AE00BCE674 = {
			isa = PBXGroup;
			children = (
				42CAF59F1AA373AE00BCE674 /* timestable */,
				42CAF5B51AA373AE00BCE674 /* timestableTests */,
				42CAF59E1AA373AE00BCE674 /* Products */,
			);
			sourceTree = "<group>";
		};
		42CAF59E1AA373AE00BCE674 /* Products */ = {
			isa = PBXGroup;
			children = (
				42CAF59D1AA373AE00BCE674 /* timestable.app */,
				42CAF5B21AA373AE00BCE674 /* timestableTests.xctest */,
			);
			name = Products;
			sourceTree = "<group>";
		};
		42CAF59F1AA373AE00BCE674 /* timestable */ = {
			isa = PBXGroup;
			children = (
				42CAF5A21AA373AE00BCE674 /* AppDelegate.swift */,
				42CAF5A41AA373AE00BCE674 /* ViewController.swift */,
				42CAF5A61AA373AE00BCE674 /* Main.storyboard */,
				42CAF5A91AA373AE00BCE674 /* Images.xcassets */,
				42CAF5AB1AA373AE00BCE674 /* LaunchScreen.xib */,
				42CAF5A01AA373AE00BCE674 /* Supporting Files */,
			);
			path = timestable;
			sourceTree = "<group>";
		};
		42CAF5A01AA373AE00BCE674 /* Supporting Files */ = {
			isa = PBXGroup;
			children = (
				42CAF5A11AA373AE00BCE674 /* Info.plist */,
			);
			name = "Supporting Files";
			sourceTree = "<group>";
		};
		42CAF5B51AA373AE00BCE674 /* timestableTests */ = {
			isa = PBXGroup;
			children = (
				42CAF5B81AA373AE00BCE674 /* timestableTests.swift */,
				42CAF5B61AA373AE00BCE674 /* Supporting Files */,
			);
			path = timestableTests;
			sourceTree = "<group>";
		};
		42CAF5B61AA373AE00BCE674 /* Supporting Files */ = {
			isa = PBXGroup;
			children = (
				42CAF5B71AA373AE00BCE674 /* Info.plist */,
			);
			name = "Supporting Files";
			sourceTree = "<group>";
		};
/* End PBXGroup section */

/* Begin PBXNativeTarget section */
		42CAF59C1AA373AE00BCE674 /* timestable */ = {
			isa = PBXNativeTarget;
			buildConfigurationList = 42CAF5BC1AA373AE00BCE674 /* Build configuration list for PBXNativeTarget "timestable" */;
			buildPhases = (
				42CAF5991AA373AE00BCE674 /* Sources */,
				42CAF59A1AA373AE00BCE674 /* Frameworks */,
				42CAF59B1AA373AE00BCE674 /* Resources */,
			);
			buildRules = (
			);
			dependencies = (
			);
			name = timestable;
			productName = timestable;
			productReference = 42CAF59D1AA373AE00BCE674 /* timestable.app */;
			productType = "com.apple.product-type.application";
		};
		42CAF5B11AA373AE00BCE674 /* timestableTests */ = {
			isa = PBXNativeTarget;
			buildConfigurationList = 42CAF5BF1AA373AE00BCE674 /* Build configuration list for PBXNativeTarget "timestableTests" */;
			buildPhases = (
				42CAF5AE1AA373AE00BCE674 /* Sources */,
				42CAF5AF1AA373AE00BCE674 /* Frameworks */,
				42CAF5B01AA373AE00BCE674 /* Resources */,
			);
			buildRules = (
			);
			dependencies = (
				42CAF5B41AA373AE00BCE674 /* PBXTargetDependency */,
			);
			name = timestableTests;
			productName = timestableTests;
			productReference = 42CAF5B21AA373AE00BCE674 /* timestableTests.xctest */;
			productType = "com.apple.product-type.bundle.unit-test";
		};
/* End PBXNativeTarget section */

/* Begin PBXProject section */
		42CAF5951AA373AE00BCE674 /* Project object */ = {
			isa = PBXProject;
			attributes = {
				LastUpgradeCheck = 0610;
				ORGANIZATIONNAME = drunkcoding;
				TargetAttributes = {
					42CAF59C1AA373AE00BCE674 = {
						CreatedOnToolsVersion = 6.1.1;
					};
					42CAF5B11AA373AE00BCE674 = {
						CreatedOnToolsVersion = 6.1.1;
						TestTargetID = 42CAF59C1AA373AE00BCE674;
					};
				};
			};
			buildConfigurationList = 42CAF5981AA373AE00BCE674 /* Build configuration list for PBXProject "timestable" */;
			compatibilityVersion = "Xcode 3.2";
			developmentRegion = English;
			hasScannedForEncodings = 0;
			knownRegions = (
				en,
				Base,
			);
			mainGroup = 42CAF5941AA373AE00BCE674;
			productRefGroup = 42CAF59E1AA373AE00BCE674 /* Products */;
			projectDirPath = "";
			projectRoot = "";
			targets = (
				42CAF59C1AA373AE00BCE674 /* timestable */,
				42CAF5B11AA373AE00BCE674 /* timestableTests */,
			);
		};
/* End PBXProject section */

/* Begin PBXResourcesBuildPhase section */
		42CAF59B1AA373AE00BCE674 /* Resources */ = {
			isa = PBXResourcesBuildPhase;
			buildActionMask = 2147483647;
			files = (
				42CAF5A81AA373AE00BCE674 /* Main.storyboard in Resources */,
				42CAF5AD1AA373AE00BCE674 /* LaunchScreen.xib in Resources */,
				42CAF5AA1AA373AE00BCE674 /* Images.xcassets in Resources */,
			);
			runOnlyForDeploymentPostprocessing = 0;
		};
		42CAF5B01AA373AE00BCE674 /* Resources */ = {
			isa = PBXResourcesBuildPhase;
			buildActionMask = 2147483647;
			files = (
			);
			runOnlyForDeploymentPostprocessing = 0;
		};
/* End PBXResourcesBuildPhase section */

/* Begin PBXSourcesBuildPhase section */
		42CAF5991AA373AE00BCE674 /* Sources */ = {
			isa = PBXSourcesBuildPhase;
			buildActionMask = 2147483647;
			files = (
				42CAF5A51AA373AE00BCE674 /* ViewController.swift in Sources */,
				42CAF5A31AA373AE00BCE674 /* AppDelegate.swift in Sources */,
			);
			runOnlyForDeploymentPostprocessing = 0;
		};
		42CAF5AE1AA373AE00BCE674 /* Sources */ = {
			isa = PBXSourcesBuildPhase;
			buildActionMask = 2147483647;
			files = (
				42CAF5B91AA373AE00BCE674 /* timestableTests.swift in Sources */,
			);
			runOnlyForDeploymentPostprocessing = 0;
		};
/* End PBXSourcesBuildPhase section */

/* Begin PBXTargetDependency section */
		42CAF5B41AA373AE00BCE674 /* PBXTargetDependency */ = {
			isa = PBXTargetDependency;
			target = 42CAF59C1AA373AE00BCE674 /* timestable */;
			targetProxy = 42CAF5B31AA373AE00BCE674 /* PBXContainerItemProxy */;
		};
/* End PBXTargetDependency section */

/* Begin PBXVariantGroup section */
		42CAF5A61AA373AE00BCE674 /* Main.storyboard */ = {
			isa = PBXVariantGroup;
			children = (
				42CAF5A71AA373AE00BCE674 /* Base */,
			);
			name = Main.storyboard;
			sourceTree = "<group>";
		};
		42CAF5AB1AA373AE00BCE674 /* LaunchScreen.xib */ = {
			isa = PBXVariantGroup;
			children = (
				42CAF5AC1AA373AE00BCE674 /* Base */,
			);
			name = LaunchScreen.xib;
			sourceTree = "<group>";
		};
/* End PBXVariantGroup section */

/* Begin XCBuildConfiguration section */
		42CAF5BA1AA373AE00BCE674 /* Debug */ = {
			isa = XCBuildConfiguration;
			buildSettings = {
				ALWAYS_SEARCH_USER_PATHS = NO;
				CLANG_CXX_LANGUAGE_STANDARD = "gnu++0x";
				CLANG_CXX_LIBRARY = "libc++";
				CLANG_ENABLE_MODULES = YES;
				CLANG_ENABLE_OBJC_ARC = YES;
				CLANG_WARN_BOOL_CONVERSION = YES;
				CLANG_WARN_CONSTANT_CONVERSION = YES;
				CLANG_WARN_DIRECT_OBJC_ISA_USAGE = YES_ERROR;
				CLANG_WARN_EMPTY_BODY = YES;
				CLANG_WARN_ENUM_CONVERSION = YES;
				CLANG_WARN_INT_CONVERSION = YES;
				CLANG_WARN_OBJC_ROOT_CLASS = YES_ERROR;
				CLANG_WARN_UNREACHABLE_CODE = YES;
				CLANG_WARN__DUPLICATE_METHOD_MATCH = YES;
				"CODE_SIGN_IDENTITY[sdk=iphoneos*]" = "iPhone Developer";
				COPY_PHASE_STRIP = NO;
				ENABLE_STRICT_OBJC_MSGSEND = YES;
				GCC_C_LANGUAGE_STANDARD = gnu99;
				GCC_DYNAMIC_NO_PIC = NO;
				GCC_OPTIMIZATION_LEVEL = 0;
				GCC_PREPROCESSOR_DEFINITIONS = (
					"DEBUG=1",
					"$(inherited)",
				);
				GCC_SYMBOLS_PRIVATE_EXTERN = NO;
				GCC_WARN_64_TO_32_BIT_CONVERSION = YES;
				GCC_WARN_ABOUT_RETURN_TYPE = YES_ERROR;
				GCC_WARN_UNDECLARED_SELECTOR = YES;
				GCC_WARN_UNINITIALIZED_AUTOS = YES_AGGRESSIVE;
				GCC_WARN_UNUSED_FUNCTION = YES;
				GCC_WARN_UNUSED_VARIABLE = YES;
				IPHONEOS_DEPLOYMENT_TARGET = 8.1;
				MTL_ENABLE_DEBUG_INFO = YES;
				ONLY_ACTIVE_ARCH = YES;
				SDKROOT = iphoneos;
				SWIFT_OPTIMIZATION_LEVEL = "-Onone";
			};
			name = Debug;
		};
		42CAF5BB1AA373AE00BCE674 /* Release */ = {
			isa = XCBuildConfiguration;
			buildSettings = {
				ALWAYS_SEARCH_USER_PATHS = NO;
				CLANG_CXX_LANGUAGE_STANDARD = "gnu++0x";
				CLANG_CXX_LIBRARY = "libc++";
				CLANG_ENABLE_MODULES = YES;
				CLANG_ENABLE_OBJC_ARC = YES;
				CLANG_WARN_BOOL_CONVERSION = YES;
				CLANG_WARN_CONSTANT_CONVERSION = YES;
				CLANG_WARN_DIRECT_OBJC_ISA_USAGE = YES_ERROR;
				CLANG_WARN_EMPTY_BODY = YES;
				CLANG_WARN_ENUM_CONVERSION = YES;
				CLANG_WARN_INT_CONVERSION = YES;
				CLANG_WARN_OBJC_ROOT_CLASS = YES_ERROR;
				CLANG_WARN_UNREACHABLE_CODE = YES;
				CLANG_WARN__DUPLICATE_METHOD_MATCH = YES;
				"CODE_SIGN_IDENTITY[sdk=iphoneos*]" = "iPhone Developer";
				COPY_PHASE_STRIP = YES;
				ENABLE_NS_ASSERTIONS = NO;
				ENABLE_STRICT_OBJC_MSGSEND = YES;
				GCC_C_LANGUAGE_STANDARD = gnu99;
				GCC_WARN_64_TO_32_BIT_CONVERSION = YES;
				GCC_WARN_ABOUT_RETURN_TYPE = YES_ERROR;
				GCC_WARN_UNDECLARED_SELECTOR = YES;
				GCC_WARN_UNINITIALIZED_AUTOS = YES_AGGRESSIVE;
				GCC_WARN_UNUSED_FUNCTION = YES;
				GCC_WARN_UNUSED_VARIABLE = YES;
				IPHONEOS_DEPLOYMENT_TARGET = 8.1;
				MTL_ENABLE_DEBUG_INFO = NO;
				SDKROOT = iphoneos;
				VALIDATE_PRODUCT = YES;
			};
			name = Release;
		};
		42CAF5BD1AA373AE00BCE674 /* Debug */ = {
			isa = XCBuildConfiguration;
			buildSettings = {
				ASSETCATALOG_COMPILER_APPICON_NAME = AppIcon;
				INFOPLIST_FILE = timestable/Info.plist;
				LD_RUNPATH_SEARCH_PATHS = "$(inherited) @executable_path/Frameworks";
				PRODUCT_NAME = "$(TARGET_NAME)";
			};
			name = Debug;
		};
		42CAF5BE1AA373AE00BCE674 /* Release */ = {
			isa = XCBuildConfiguration;
			buildSettings = {
				ASSETCATALOG_COMPILER_APPICON_NAME = AppIcon;
				INFOPLIST_FILE = timestable/Info.plist;
				LD_RUNPATH_SEARCH_PATHS = "$(inherited) @executable_path/Frameworks";
				PRODUCT_NAME = "$(TARGET_NAME)";
			};
			name = Release;
		};
		42CAF5C01AA373AE00BCE674 /* Debug */ = {
			isa = XCBuildConfiguration;
			buildSettings = {
				BUNDLE_LOADER = "$(TEST_HOST)";
				FRAMEWORK_SEARCH_PATHS = (
					"$(SDKROOT)/Developer/Library/Frameworks",
					"$(inherited)",
				);
				GCC_PREPROCESSOR_DEFINITIONS = (
					"DEBUG=1",
					"$(inherited)",
				);
				INFOPLIST_FILE = timestableTests/Info.plist;
				LD_RUNPATH_SEARCH_PATHS = "$(inherited) @executable_path/Frameworks @loader_path/Frameworks";
				PRODUCT_NAME = "$(TARGET_NAME)";
				TEST_HOST = "$(BUILT_PRODUCTS_DIR)/timestable.app/timestable";
			};
			name = Debug;
		};
		42CAF5C11AA373AE00BCE674 /* Release */ = {
			isa = XCBuildConfiguration;
			buildSettings = {
				BUNDLE_LOADER = "$(TEST_HOST)";
				FRAMEWORK_SEARCH_PATHS = (
					"$(SDKROOT)/Developer/Library/Frameworks",
					"$(inherited)",
				);
				INFOPLIST_FILE = timestableTests/Info.plist;
				LD_RUNPATH_SEARCH_PATHS = "$(inherited) @executable_path/Frameworks @loader_path/Frameworks";
				PRODUCT_NAME = "$(TARGET_NAME)";
				TEST_HOST = "$(BUILT_PRODUCTS_DIR)/timestable.app/timestable";
			};
			name = Release;
		};
/* End XCBuildConfiguration section */

/* Begin XCConfigurationList section */
		42CAF5981AA373AE00BCE674 /* Build configuration list for PBXProject "timestable" */ = {
			isa = XCConfigurationList;
			buildConfigurations = (
				42CAF5BA1AA373AE00BCE674 /* Debug */,
				42CAF5BB1AA373AE00BCE674 /* Release */,
			);
			defaultConfigurationIsVisible = 0;
			defaultConfigurationName = Release;
		};
		42CAF5BC1AA373AE00BCE674 /* Build configuration list for PBXNativeTarget "timestable" */ = {
			isa = XCConfigurationList;
			buildConfigurations = (
				42CAF5BD1AA373AE00BCE674 /* Debug */,
				42CAF5BE1AA373AE00BCE674 /* Release */,
			);
			defaultConfigurationIsVisible = 0;
		};
		42CAF5BF1AA373AE00BCE674 /* Build configuration list for PBXNativeTarget "timestableTests" */ = {
			isa = XCConfigurationList;
			buildConfigurations = (
				42CAF5C01AA373AE00BCE674 /* Debug */,
				42CAF5C11AA373AE00BCE674 /* Release */,
			);
			defaultConfigurationIsVisible = 0;
		};
/* End XCConfigurationList section */
	};
	rootObject = 42CAF5951AA373AE00BCE674 /* Project object */;
}
