// !$*UTF8*$!
{
	archiveVersion = 1;
	classes = {
	};
	objectVersion = 46;
	objects = {

/* Begin PBXBuildFile section */
		42CAF4B91A9E726C00BCE674 /* AppDelegate.swift in Sources */ = {isa = PBXBuildFile; fileRef = 42CAF4B81A9E726C00BCE674 /* AppDelegate.swift */; };
		42CAF4BB1A9E726C00BCE674 /* ViewController.swift in Sources */ = {isa = PBXBuildFile; fileRef = 42CAF4BA1A9E726C00BCE674 /* ViewController.swift */; };
		42CAF4BE1A9E726C00BCE674 /* Main.storyboard in Resources */ = {isa = PBXBuildFile; fileRef = 42CAF4BC1A9E726C00BCE674 /* Main.storyboard */; };
		42CAF4C01A9E726C00BCE674 /* Images.xcassets in Resources */ = {isa = PBXBuildFile; fileRef = 42CAF4BF1A9E726C00BCE674 /* Images.xcassets */; };
		42CAF4C31A9E726C00BCE674 /* LaunchScreen.xib in Resources */ = {isa = PBXBuildFile; fileRef = 42CAF4C11A9E726C00BCE674 /* LaunchScreen.xib */; };
		42CAF4CF1A9E726D00BCE674 /* How_Many_FingersTests.swift in Sources */ = {isa = PBXBuildFile; fileRef = 42CAF4CE1A9E726D00BCE674 /* How_Many_FingersTests.swift */; };
/* End PBXBuildFile section */

/* Begin PBXContainerItemProxy section */
		42CAF4C91A9E726D00BCE674 /* PBXContainerItemProxy */ = {
			isa = PBXContainerItemProxy;
			containerPortal = 42CAF4AB1A9E726C00BCE674 /* Project object */;
			proxyType = 1;
			remoteGlobalIDString = 42CAF4B21A9E726C00BCE674;
			remoteInfo = "How Many Fingers";
		};
/* End PBXContainerItemProxy section */

/* Begin PBXFileReference section */
		42CAF4B31A9E726C00BCE674 /* How Many Fingers.app */ = {isa = PBXFileReference; explicitFileType = wrapper.application; includeInIndex = 0; path = "How Many Fingers.app"; sourceTree = BUILT_PRODUCTS_DIR; };
		42CAF4B71A9E726C00BCE674 /* Info.plist */ = {isa = PBXFileReference; lastKnownFileType = text.plist.xml; path = Info.plist; sourceTree = "<group>"; };
		42CAF4B81A9E726C00BCE674 /* AppDelegate.swift */ = {isa = PBXFileReference; lastKnownFileType = sourcecode.swift; path = AppDelegate.swift; sourceTree = "<group>"; };
		42CAF4BA1A9E726C00BCE674 /* ViewController.swift */ = {isa = PBXFileReference; lastKnownFileType = sourcecode.swift; path = ViewController.swift; sourceTree = "<group>"; };
		42CAF4BD1A9E726C00BCE674 /* Base */ = {isa = PBXFileReference; lastKnownFileType = file.storyboard; name = Base; path = Base.lproj/Main.storyboard; sourceTree = "<group>"; };
		42CAF4BF1A9E726C00BCE674 /* Images.xcassets */ = {isa = PBXFileReference; lastKnownFileType = folder.assetcatalog; path = Images.xcassets; sourceTree = "<group>"; };
		42CAF4C21A9E726C00BCE674 /* Base */ = {isa = PBXFileReference; lastKnownFileType = file.xib; name = Base; path = Base.lproj/LaunchScreen.xib; sourceTree = "<group>"; };
		42CAF4C81A9E726D00BCE674 /* How Many FingersTests.xctest */ = {isa = PBXFileReference; explicitFileType = wrapper.cfbundle; includeInIndex = 0; path = "How Many FingersTests.xctest"; sourceTree = BUILT_PRODUCTS_DIR; };
		42CAF4CD1A9E726D00BCE674 /* Info.plist */ = {isa = PBXFileReference; lastKnownFileType = text.plist.xml; path = Info.plist; sourceTree = "<group>"; };
		42CAF4CE1A9E726D00BCE674 /* How_Many_FingersTests.swift */ = {isa = PBXFileReference; lastKnownFileType = sourcecode.swift; path = How_Many_FingersTests.swift; sourceTree = "<group>"; };
/* End PBXFileReference section */

/* Begin PBXFrameworksBuildPhase section */
		42CAF4B01A9E726C00BCE674 /* Frameworks */ = {
			isa = PBXFrameworksBuildPhase;
			buildActionMask = 2147483647;
			files = (
			);
			runOnlyForDeploymentPostprocessing = 0;
		};
		42CAF4C51A9E726D00BCE674 /* Frameworks */ = {
			isa = PBXFrameworksBuildPhase;
			buildActionMask = 2147483647;
			files = (
			);
			runOnlyForDeploymentPostprocessing = 0;
		};
/* End PBXFrameworksBuildPhase section */

/* Begin PBXGroup section */
		42CAF4AA1A9E726C00BCE674 = {
			isa = PBXGroup;
			children = (
				42CAF4B51A9E726C00BCE674 /* How Many Fingers */,
				42CAF4CB1A9E726D00BCE674 /* How Many FingersTests */,
				42CAF4B41A9E726C00BCE674 /* Products */,
			);
			sourceTree = "<group>";
		};
		42CAF4B41A9E726C00BCE674 /* Products */ = {
			isa = PBXGroup;
			children = (
				42CAF4B31A9E726C00BCE674 /* How Many Fingers.app */,
				42CAF4C81A9E726D00BCE674 /* How Many FingersTests.xctest */,
			);
			name = Products;
			sourceTree = "<group>";
		};
		42CAF4B51A9E726C00BCE674 /* How Many Fingers */ = {
			isa = PBXGroup;
			children = (
				42CAF4B81A9E726C00BCE674 /* AppDelegate.swift */,
				42CAF4BA1A9E726C00BCE674 /* ViewController.swift */,
				42CAF4BC1A9E726C00BCE674 /* Main.storyboard */,
				42CAF4BF1A9E726C00BCE674 /* Images.xcassets */,
				42CAF4C11A9E726C00BCE674 /* LaunchScreen.xib */,
				42CAF4B61A9E726C00BCE674 /* Supporting Files */,
			);
			path = "How Many Fingers";
			sourceTree = "<group>";
		};
		42CAF4B61A9E726C00BCE674 /* Supporting Files */ = {
			isa = PBXGroup;
			children = (
				42CAF4B71A9E726C00BCE674 /* Info.plist */,
			);
			name = "Supporting Files";
			sourceTree = "<group>";
		};
		42CAF4CB1A9E726D00BCE674 /* How Many FingersTests */ = {
			isa = PBXGroup;
			children = (
				42CAF4CE1A9E726D00BCE674 /* How_Many_FingersTests.swift */,
				42CAF4CC1A9E726D00BCE674 /* Supporting Files */,
			);
			path = "How Many FingersTests";
			sourceTree = "<group>";
		};
		42CAF4CC1A9E726D00BCE674 /* Supporting Files */ = {
			isa = PBXGroup;
			children = (
				42CAF4CD1A9E726D00BCE674 /* Info.plist */,
			);
			name = "Supporting Files";
			sourceTree = "<group>";
		};
/* End PBXGroup section */

/* Begin PBXNativeTarget section */
		42CAF4B21A9E726C00BCE674 /* How Many Fingers */ = {
			isa = PBXNativeTarget;
			buildConfigurationList = 42CAF4D21A9E726D00BCE674 /* Build configuration list for PBXNativeTarget "How Many Fingers" */;
			buildPhases = (
				42CAF4AF1A9E726C00BCE674 /* Sources */,
				42CAF4B01A9E726C00BCE674 /* Frameworks */,
				42CAF4B11A9E726C00BCE674 /* Resources */,
			);
			buildRules = (
			);
			dependencies = (
			);
			name = "How Many Fingers";
			productName = "How Many Fingers";
			productReference = 42CAF4B31A9E726C00BCE674 /* How Many Fingers.app */;
			productType = "com.apple.product-type.application";
		};
		42CAF4C71A9E726D00BCE674 /* How Many FingersTests */ = {
			isa = PBXNativeTarget;
			buildConfigurationList = 42CAF4D51A9E726D00BCE674 /* Build configuration list for PBXNativeTarget "How Many FingersTests" */;
			buildPhases = (
				42CAF4C41A9E726D00BCE674 /* Sources */,
				42CAF4C51A9E726D00BCE674 /* Frameworks */,
				42CAF4C61A9E726D00BCE674 /* Resources */,
			);
			buildRules = (
			);
			dependencies = (
				42CAF4CA1A9E726D00BCE674 /* PBXTargetDependency */,
			);
			name = "How Many FingersTests";
			productName = "How Many FingersTests";
			productReference = 42CAF4C81A9E726D00BCE674 /* How Many FingersTests.xctest */;
			productType = "com.apple.product-type.bundle.unit-test";
		};
/* End PBXNativeTarget section */

/* Begin PBXProject section */
		42CAF4AB1A9E726C00BCE674 /* Project object */ = {
			isa = PBXProject;
			attributes = {
				LastUpgradeCheck = 0610;
				ORGANIZATIONNAME = drunkcoding;
				TargetAttributes = {
					42CAF4B21A9E726C00BCE674 = {
						CreatedOnToolsVersion = 6.1.1;
					};
					42CAF4C71A9E726D00BCE674 = {
						CreatedOnToolsVersion = 6.1.1;
						TestTargetID = 42CAF4B21A9E726C00BCE674;
					};
				};
			};
			buildConfigurationList = 42CAF4AE1A9E726C00BCE674 /* Build configuration list for PBXProject "How Many Fingers" */;
			compatibilityVersion = "Xcode 3.2";
			developmentRegion = English;
			hasScannedForEncodings = 0;
			knownRegions = (
				en,
				Base,
			);
			mainGroup = 42CAF4AA1A9E726C00BCE674;
			productRefGroup = 42CAF4B41A9E726C00BCE674 /* Products */;
			projectDirPath = "";
			projectRoot = "";
			targets = (
				42CAF4B21A9E726C00BCE674 /* How Many Fingers */,
				42CAF4C71A9E726D00BCE674 /* How Many FingersTests */,
			);
		};
/* End PBXProject section */

/* Begin PBXResourcesBuildPhase section */
		42CAF4B11A9E726C00BCE674 /* Resources */ = {
			isa = PBXResourcesBuildPhase;
			buildActionMask = 2147483647;
			files = (
				42CAF4BE1A9E726C00BCE674 /* Main.storyboard in Resources */,
				42CAF4C31A9E726C00BCE674 /* LaunchScreen.xib in Resources */,
				42CAF4C01A9E726C00BCE674 /* Images.xcassets in Resources */,
			);
			runOnlyForDeploymentPostprocessing = 0;
		};
		42CAF4C61A9E726D00BCE674 /* Resources */ = {
			isa = PBXResourcesBuildPhase;
			buildActionMask = 2147483647;
			files = (
			);
			runOnlyForDeploymentPostprocessing = 0;
		};
/* End PBXResourcesBuildPhase section */

/* Begin PBXSourcesBuildPhase section */
		42CAF4AF1A9E726C00BCE674 /* Sources */ = {
			isa = PBXSourcesBuildPhase;
			buildActionMask = 2147483647;
			files = (
				42CAF4BB1A9E726C00BCE674 /* ViewController.swift in Sources */,
				42CAF4B91A9E726C00BCE674 /* AppDelegate.swift in Sources */,
			);
			runOnlyForDeploymentPostprocessing = 0;
		};
		42CAF4C41A9E726D00BCE674 /* Sources */ = {
			isa = PBXSourcesBuildPhase;
			buildActionMask = 2147483647;
			files = (
				42CAF4CF1A9E726D00BCE674 /* How_Many_FingersTests.swift in Sources */,
			);
			runOnlyForDeploymentPostprocessing = 0;
		};
/* End PBXSourcesBuildPhase section */

/* Begin PBXTargetDependency section */
		42CAF4CA1A9E726D00BCE674 /* PBXTargetDependency */ = {
			isa = PBXTargetDependency;
			target = 42CAF4B21A9E726C00BCE674 /* How Many Fingers */;
			targetProxy = 42CAF4C91A9E726D00BCE674 /* PBXContainerItemProxy */;
		};
/* End PBXTargetDependency section */

/* Begin PBXVariantGroup section */
		42CAF4BC1A9E726C00BCE674 /* Main.storyboard */ = {
			isa = PBXVariantGroup;
			children = (
				42CAF4BD1A9E726C00BCE674 /* Base */,
			);
			name = Main.storyboard;
			sourceTree = "<group>";
		};
		42CAF4C11A9E726C00BCE674 /* LaunchScreen.xib */ = {
			isa = PBXVariantGroup;
			children = (
				42CAF4C21A9E726C00BCE674 /* Base */,
			);
			name = LaunchScreen.xib;
			sourceTree = "<group>";
		};
/* End PBXVariantGroup section */

/* Begin XCBuildConfiguration section */
		42CAF4D01A9E726D00BCE674 /* Debug */ = {
			isa = XCBuildConfiguration;
			buildSettings = {
				ALWAYS_SEARCH_USER_PATHS = NO;
				CLANG_CXX_LANGUAGE_STANDARD = "gnu++0x";
				CLANG_CXX_LIBRARY = "libc++";
				CLANG_ENABLE_MODULES = YES;
				CLANG_ENABLE_OBJC_ARC = YES;
				CLANG_WARN_BOOL_CONVERSION = YES;
				CLANG_WARN_CONSTANT_CONVERSION = YES;
				CLANG_WARN_DIRECT_OBJC_ISA_USAGE = YES_ERROR;
				CLANG_WARN_EMPTY_BODY = YES;
				CLANG_WARN_ENUM_CONVERSION = YES;
				CLANG_WARN_INT_CONVERSION = YES;
				CLANG_WARN_OBJC_ROOT_CLASS = YES_ERROR;
				CLANG_WARN_UNREACHABLE_CODE = YES;
				CLANG_WARN__DUPLICATE_METHOD_MATCH = YES;
				"CODE_SIGN_IDENTITY[sdk=iphoneos*]" = "iPhone Developer";
				COPY_PHASE_STRIP = NO;
				ENABLE_STRICT_OBJC_MSGSEND = YES;
				GCC_C_LANGUAGE_STANDARD = gnu99;
				GCC_DYNAMIC_NO_PIC = NO;
				GCC_OPTIMIZATION_LEVEL = 0;
				GCC_PREPROCESSOR_DEFINITIONS = (
					"DEBUG=1",
					"$(inherited)",
				);
				GCC_SYMBOLS_PRIVATE_EXTERN = NO;
				GCC_WARN_64_TO_32_BIT_CONVERSION = YES;
				GCC_WARN_ABOUT_RETURN_TYPE = YES_ERROR;
				GCC_WARN_UNDECLARED_SELECTOR = YES;
				GCC_WARN_UNINITIALIZED_AUTOS = YES_AGGRESSIVE;
				GCC_WARN_UNUSED_FUNCTION = YES;
				GCC_WARN_UNUSED_VARIABLE = YES;
				IPHONEOS_DEPLOYMENT_TARGET = 8.1;
				MTL_ENABLE_DEBUG_INFO = YES;
				ONLY_ACTIVE_ARCH = YES;
				SDKROOT = iphoneos;
				SWIFT_OPTIMIZATION_LEVEL = "-Onone";
			};
			name = Debug;
		};
		42CAF4D11A9E726D00BCE674 /* Release */ = {
			isa = XCBuildConfiguration;
			buildSettings = {
				ALWAYS_SEARCH_USER_PATHS = NO;
				CLANG_CXX_LANGUAGE_STANDARD = "gnu++0x";
				CLANG_CXX_LIBRARY = "libc++";
				CLANG_ENABLE_MODULES = YES;
				CLANG_ENABLE_OBJC_ARC = YES;
				CLANG_WARN_BOOL_CONVERSION = YES;
				CLANG_WARN_CONSTANT_CONVERSION = YES;
				CLANG_WARN_DIRECT_OBJC_ISA_USAGE = YES_ERROR;
				CLANG_WARN_EMPTY_BODY = YES;
				CLANG_WARN_ENUM_CONVERSION = YES;
				CLANG_WARN_INT_CONVERSION = YES;
				CLANG_WARN_OBJC_ROOT_CLASS = YES_ERROR;
				CLANG_WARN_UNREACHABLE_CODE = YES;
				CLANG_WARN__DUPLICATE_METHOD_MATCH = YES;
				"CODE_SIGN_IDENTITY[sdk=iphoneos*]" = "iPhone Developer";
				COPY_PHASE_STRIP = YES;
				ENABLE_NS_ASSERTIONS = NO;
				ENABLE_STRICT_OBJC_MSGSEND = YES;
				GCC_C_LANGUAGE_STANDARD = gnu99;
				GCC_WARN_64_TO_32_BIT_CONVERSION = YES;
				GCC_WARN_ABOUT_RETURN_TYPE = YES_ERROR;
				GCC_WARN_UNDECLARED_SELECTOR = YES;
				GCC_WARN_UNINITIALIZED_AUTOS = YES_AGGRESSIVE;
				GCC_WARN_UNUSED_FUNCTION = YES;
				GCC_WARN_UNUSED_VARIABLE = YES;
				IPHONEOS_DEPLOYMENT_TARGET = 8.1;
				MTL_ENABLE_DEBUG_INFO = NO;
				SDKROOT = iphoneos;
				VALIDATE_PRODUCT = YES;
			};
			name = Release;
		};
		42CAF4D31A9E726D00BCE674 /* Debug */ = {
			isa = XCBuildConfiguration;
			buildSettings = {
				ASSETCATALOG_COMPILER_APPICON_NAME = AppIcon;
				INFOPLIST_FILE = "How Many Fingers/Info.plist";
				LD_RUNPATH_SEARCH_PATHS = "$(inherited) @executable_path/Frameworks";
				PRODUCT_NAME = "$(TARGET_NAME)";
			};
			name = Debug;
		};
		42CAF4D41A9E726D00BCE674 /* Release */ = {
			isa = XCBuildConfiguration;
			buildSettings = {
				ASSETCATALOG_COMPILER_APPICON_NAME = AppIcon;
				INFOPLIST_FILE = "How Many Fingers/Info.plist";
				LD_RUNPATH_SEARCH_PATHS = "$(inherited) @executable_path/Frameworks";
				PRODUCT_NAME = "$(TARGET_NAME)";
			};
			name = Release;
		};
		42CAF4D61A9E726D00BCE674 /* Debug */ = {
			isa = XCBuildConfiguration;
			buildSettings = {
				BUNDLE_LOADER = "$(TEST_HOST)";
				FRAMEWORK_SEARCH_PATHS = (
					"$(SDKROOT)/Developer/Library/Frameworks",
					"$(inherited)",
				);
				GCC_PREPROCESSOR_DEFINITIONS = (
					"DEBUG=1",
					"$(inherited)",
				);
				INFOPLIST_FILE = "How Many FingersTests/Info.plist";
				LD_RUNPATH_SEARCH_PATHS = "$(inherited) @executable_path/Frameworks @loader_path/Frameworks";
				PRODUCT_NAME = "$(TARGET_NAME)";
				TEST_HOST = "$(BUILT_PRODUCTS_DIR)/How Many Fingers.app/How Many Fingers";
			};
			name = Debug;
		};
		42CAF4D71A9E726D00BCE674 /* Release */ = {
			isa = XCBuildConfiguration;
			buildSettings = {
				BUNDLE_LOADER = "$(TEST_HOST)";
				FRAMEWORK_SEARCH_PATHS = (
					"$(SDKROOT)/Developer/Library/Frameworks",
					"$(inherited)",
				);
				INFOPLIST_FILE = "How Many FingersTests/Info.plist";
				LD_RUNPATH_SEARCH_PATHS = "$(inherited) @executable_path/Frameworks @loader_path/Frameworks";
				PRODUCT_NAME = "$(TARGET_NAME)";
				TEST_HOST = "$(BUILT_PRODUCTS_DIR)/How Many Fingers.app/How Many Fingers";
			};
			name = Release;
		};
/* End XCBuildConfiguration section */

/* Begin XCConfigurationList section */
		42CAF4AE1A9E726C00BCE674 /* Build configuration list for PBXProject "How Many Fingers" */ = {
			isa = XCConfigurationList;
			buildConfigurations = (
				42CAF4D01A9E726D00BCE674 /* Debug */,
				42CAF4D11A9E726D00BCE674 /* Release */,
			);
			defaultConfigurationIsVisible = 0;
			defaultConfigurationName = Release;
		};
		42CAF4D21A9E726D00BCE674 /* Build configuration list for PBXNativeTarget "How Many Fingers" */ = {
			isa = XCConfigurationList;
			buildConfigurations = (
				42CAF4D31A9E726D00BCE674 /* Debug */,
				42CAF4D41A9E726D00BCE674 /* Release */,
			);
			defaultConfigurationIsVisible = 0;
		};
		42CAF4D51A9E726D00BCE674 /* Build configuration list for PBXNativeTarget "How Many FingersTests" */ = {
			isa = XCConfigurationList;
			buildConfigurations = (
				42CAF4D61A9E726D00BCE674 /* Debug */,
				42CAF4D71A9E726D00BCE674 /* Release */,
			);
			defaultConfigurationIsVisible = 0;
		};
/* End XCConfigurationList section */
	};
	rootObject = 42CAF4AB1A9E726C00BCE674 /* Project object */;
}
